
Microsoft Visual Studio Solution File, Format Version 12.00
# Visual Studio 15
VisualStudioVersion = 15.0.28307.102
MinimumVisualStudioVersion = 10.0.40219.1
Project("{E24C65DC-7377-472B-9ABA-BC803B73C61A}") = "LiquorLake", "LiquorLake\", "{065B543C-2398-4991-921C-8DC47690BE48}"
	ProjectSection(WebsiteProperties) = preProject
		TargetFrameworkMoniker = ".NETFramework,Version%3Dv4.5.2"
		Debug.AspNetCompiler.VirtualPath = "/localhost_50921"
		Debug.AspNetCompiler.PhysicalPath = "LiquorLake\"
		Debug.AspNetCompiler.TargetPath = "PrecompiledWeb\localhost_50921\"
		Debug.AspNetCompiler.Updateable = "true"
		Debug.AspNetCompiler.ForceOverwrite = "true"
		Debug.AspNetCompiler.FixedNames = "false"
		Debug.AspNetCompiler.Debug = "True"
		Release.AspNetCompiler.VirtualPath = "/localhost_50921"
		Release.AspNetCompiler.PhysicalPath = "LiquorLake\"
		Release.AspNetCompiler.TargetPath = "PrecompiledWeb\localhost_50921\"
		Release.AspNetCompiler.Updateable = "true"
		Release.AspNetCompiler.ForceOverwrite = "true"
		Release.AspNetCompiler.FixedNames = "false"
		Release.AspNetCompiler.Debug = "False"
		VWDPort = "50921"
		SlnRelativePath = "LiquorLake\"
		DefaultWebSiteLanguage = "Visual C#"
	EndProjectSection
EndProject
Global
	GlobalSection(SolutionConfigurationPlatforms) = preSolution
		Debug|Any CPU = Debug|Any CPU
	EndGlobalSection
	GlobalSection(ProjectConfigurationPlatforms) = postSolution
		{065B543C-2398-4991-921C-8DC47690BE48}.Debug|Any CPU.ActiveCfg = Debug|Any CPU
		{065B543C-2398-4991-921C-8DC47690BE48}.Debug|Any CPU.Build.0 = Debug|Any CPU
	EndGlobalSection
	GlobalSection(SolutionProperties) = preSolution
		HideSolutionNode = FALSE
	EndGlobalSection
	GlobalSection(ExtensibilityGlobals) = postSolution
		SolutionGuid = {83E752F7-56AE-4BE1-89C3-F711C543A173}
	EndGlobalSection
EndGlobal
